
Microsoft Visual Studio Solution File, Format Version 12.00
# Visual Studio 15
VisualStudioVersion = 15.0.28010.2046
MinimumVisualStudioVersion = 10.0.40219.1
Project("{FAE04EC0-301F-11D3-BF4B-00C04F79EFBC}") = "processi_app", "processi_app\processi_app.csproj", "{AF19F584-CAD5-49CF-96BE-57F51F08278C}"
EndProject
Global
	GlobalSection(SolutionConfigurationPlatforms) = preSolution
		Debug|Any CPU = Debug|Any CPU
		Release|Any CPU = Release|Any CPU
	EndGlobalSection
	GlobalSection(ProjectConfigurationPlatforms) = postSolution
		{AF19F584-CAD5-49CF-96BE-57F51F08278C}.Debug|Any CPU.ActiveCfg = Debug|Any CPU
		{AF19F584-CAD5-49CF-96BE-57F51F08278C}.Debug|Any CPU.Build.0 = Debug|Any CPU
		{AF19F584-CAD5-49CF-96BE-57F51F08278C}.Release|Any CPU.ActiveCfg = Release|Any CPU
		{AF19F584-CAD5-49CF-96BE-57F51F08278C}.Release|Any CPU.Build.0 = Release|Any CPU
	EndGlobalSection
	GlobalSection(SolutionProperties) = preSolution
		HideSolutionNode = FALSE
	EndGlobalSection
	GlobalSection(ExtensibilityGlobals) = postSolution
		SolutionGuid = {47B1C257-B7B5-4A46-9026-1A3E6C419B46}
	EndGlobalSection
EndGlobal
